{
  "version": 4,
  "terraform_version": "1.13.5",
  "serial": 14,
  "lineage": "8f78aa59-c47f-a44b-0306-6772d0848ee7",
  "outputs": {},
  "resources": [
    {
      "mode": "data",
      "type": "aws_iam_policy_document",
      "name": "cognito_invoke_lambda",
      "provider": "provider[\"registry.terraform.io/hashicorp/aws\"]",
      "instances": [
        {
          "schema_version": 0,
          "attributes": {
            "id": "436537198",
            "json": "{\n  \"Version\": \"2012-10-17\",\n  \"Statement\": [\n    {\n      \"Effect\": \"Allow\",\n      \"Action\": [\n        \"lambda:InvokeFunction\",\n        \"lambda:InvokeAsync\"\n      ],\n      \"Resource\": [\n        \"arn:aws:lambda:us-east-1:048579830003:function:what-call-recorder-dev-verify-auth\",\n        \"arn:aws:lambda:us-east-1:048579830003:function:what-call-recorder-dev-pre-token-gen\",\n        \"arn:aws:lambda:us-east-1:048579830003:function:what-call-recorder-dev-pre-signup\",\n        \"arn:aws:lambda:us-east-1:048579830003:function:what-call-recorder-dev-define-auth\",\n        \"arn:aws:lambda:us-east-1:048579830003:function:what-call-recorder-dev-create-auth\"\n      ]\n    }\n  ]\n}",
            "minified_json": "{\"Version\":\"2012-10-17\",\"Statement\":[{\"Effect\":\"Allow\",\"Action\":[\"lambda:InvokeFunction\",\"lambda:InvokeAsync\"],\"Resource\":[\"arn:aws:lambda:us-east-1:048579830003:function:what-call-recorder-dev-verify-auth\",\"arn:aws:lambda:us-east-1:048579830003:function:what-call-recorder-dev-pre-token-gen\",\"arn:aws:lambda:us-east-1:048579830003:function:what-call-recorder-dev-pre-signup\",\"arn:aws:lambda:us-east-1:048579830003:function:what-call-recorder-dev-define-auth\",\"arn:aws:lambda:us-east-1:048579830003:function:what-call-recorder-dev-create-auth\"]}]}",
            "override_json": null,
            "override_policy_documents": null,
            "policy_id": null,
            "source_json": null,
            "source_policy_documents": null,
            "statement": [
              {
                "actions": [
                  "lambda:InvokeAsync",
                  "lambda:InvokeFunction"
                ],
                "condition": [],
                "effect": "Allow",
                "not_actions": [],
                "not_principals": [],
                "not_resources": [],
                "principals": [],
                "resources": [
                  "arn:aws:lambda:us-east-1:048579830003:function:what-call-recorder-dev-create-auth",
                  "arn:aws:lambda:us-east-1:048579830003:function:what-call-recorder-dev-define-auth",
                  "arn:aws:lambda:us-east-1:048579830003:function:what-call-recorder-dev-pre-signup",
                  "arn:aws:lambda:us-east-1:048579830003:function:what-call-recorder-dev-pre-token-gen",
                  "arn:aws:lambda:us-east-1:048579830003:function:what-call-recorder-dev-verify-auth"
                ],
                "sid": ""
              }
            ],
            "version": "2012-10-17"
          },
          "sensitive_attributes": [],
          "identity_schema_version": 0
        }
      ]
    },
    {
      "mode": "data",
      "type": "aws_iam_policy_document",
      "name": "lambda_assume_role",
      "provider": "provider[\"registry.terraform.io/hashicorp/aws\"]",
      "instances": [
        {
          "schema_version": 0,
          "attributes": {
            "id": "2690255455",
            "json": "{\n  \"Version\": \"2012-10-17\",\n  \"Statement\": [\n    {\n      \"Effect\": \"Allow\",\n      \"Action\": \"sts:AssumeRole\",\n      \"Principal\": {\n        \"Service\": \"lambda.amazonaws.com\"\n      }\n    }\n  ]\n}",
            "minified_json": "{\"Version\":\"2012-10-17\",\"Statement\":[{\"Effect\":\"Allow\",\"Action\":\"sts:AssumeRole\",\"Principal\":{\"Service\":\"lambda.amazonaws.com\"}}]}",
            "override_json": null,
            "override_policy_documents": null,
            "policy_id": null,
            "source_json": null,
            "source_policy_documents": null,
            "statement": [
              {
                "actions": [
                  "sts:AssumeRole"
                ],
                "condition": [],
                "effect": "Allow",
                "not_actions": [],
                "not_principals": [],
                "not_resources": [],
                "principals": [
                  {
                    "identifiers": [
                      "lambda.amazonaws.com"
                    ],
                    "type": "Service"
                  }
                ],
                "resources": [],
                "sid": ""
              }
            ],
            "version": "2012-10-17"
          },
          "sensitive_attributes": [],
          "identity_schema_version": 0
        }
      ]
    },
    {
      "mode": "data",
      "type": "aws_iam_policy_document",
      "name": "lambda_sns_publish",
      "provider": "provider[\"registry.terraform.io/hashicorp/aws\"]",
      "instances": [
        {
          "schema_version": 0,
          "attributes": {
            "id": "1296660744",
            "json": "{\n  \"Version\": \"2012-10-17\",\n  \"Statement\": [\n    {\n      \"Effect\": \"Allow\",\n      \"Action\": \"sns:Publish\",\n      \"Resource\": \"*\"\n    }\n  ]\n}",
            "minified_json": "{\"Version\":\"2012-10-17\",\"Statement\":[{\"Effect\":\"Allow\",\"Action\":\"sns:Publish\",\"Resource\":\"*\"}]}",
            "override_json": null,
            "override_policy_documents": null,
            "policy_id": null,
            "source_json": null,
            "source_policy_documents": null,
            "statement": [
              {
                "actions": [
                  "sns:Publish"
                ],
                "condition": [],
                "effect": "Allow",
                "not_actions": [],
                "not_principals": [],
                "not_resources": [],
                "principals": [],
                "resources": [
                  "*"
                ],
                "sid": ""
              }
            ],
            "version": "2012-10-17"
          },
          "sensitive_attributes": [],
          "identity_schema_version": 0
        }
      ]
    },
    {
      "mode": "managed",
      "type": "aws_iam_policy",
      "name": "cognito_invoke_lambda",
      "provider": "provider[\"registry.terraform.io/hashicorp/aws\"]",
      "instances": [
        {
          "schema_version": 0,
          "attributes": {
            "arn": "arn:aws:iam::048579830003:policy/what-call-recorder-dev-cognito-invoke-lambda",
            "attachment_count": 0,
            "description": "Allow Cognito to invoke specific Lambdas",
            "id": "arn:aws:iam::048579830003:policy/what-call-recorder-dev-cognito-invoke-lambda",
            "name": "what-call-recorder-dev-cognito-invoke-lambda",
            "name_prefix": "",
            "path": "/",
            "policy": "{\"Statement\":[{\"Action\":[\"lambda:InvokeFunction\",\"lambda:InvokeAsync\"],\"Effect\":\"Allow\",\"Resource\":[\"arn:aws:lambda:us-east-1:048579830003:function:what-call-recorder-dev-verify-auth\",\"arn:aws:lambda:us-east-1:048579830003:function:what-call-recorder-dev-pre-token-gen\",\"arn:aws:lambda:us-east-1:048579830003:function:what-call-recorder-dev-pre-signup\",\"arn:aws:lambda:us-east-1:048579830003:function:what-call-recorder-dev-define-auth\",\"arn:aws:lambda:us-east-1:048579830003:function:what-call-recorder-dev-create-auth\"]}],\"Version\":\"2012-10-17\"}",
            "policy_id": "ANPAQWT4VMDZ7HRSZXW4Q",
            "tags": null,
            "tags_all": {}
          },
          "sensitive_attributes": [],
          "identity_schema_version": 0,
          "identity": {
            "arn": "arn:aws:iam::048579830003:policy/what-call-recorder-dev-cognito-invoke-lambda"
          },
          "private": "bnVsbA==",
          "dependencies": [
            "aws_iam_role.lambda_exec",
            "aws_lambda_function.create_auth",
            "aws_lambda_function.define_auth",
            "aws_lambda_function.pre_signup",
            "aws_lambda_function.pre_token_gen",
            "aws_lambda_function.verify_auth",
            "data.aws_iam_policy_document.cognito_invoke_lambda",
            "data.aws_iam_policy_document.lambda_assume_role"
          ]
        }
      ]
    },
    {
      "mode": "managed",
      "type": "aws_iam_policy",
      "name": "lambda_sns_publish",
      "provider": "provider[\"registry.terraform.io/hashicorp/aws\"]",
      "instances": [
        {
          "schema_version": 0,
          "attributes": {
            "arn": "arn:aws:iam::048579830003:policy/what-call-recorder-dev-lambda-sns-publish",
            "attachment_count": 0,
            "description": "Allow Lambda to publish SMS via SNS",
            "id": "arn:aws:iam::048579830003:policy/what-call-recorder-dev-lambda-sns-publish",
            "name": "what-call-recorder-dev-lambda-sns-publish",
            "name_prefix": "",
            "path": "/",
            "policy": "{\"Statement\":[{\"Action\":\"sns:Publish\",\"Effect\":\"Allow\",\"Resource\":\"*\"}],\"Version\":\"2012-10-17\"}",
            "policy_id": "ANPAQWT4VMDZTGJJCOKXL",
            "tags": null,
            "tags_all": {}
          },
          "sensitive_attributes": [],
          "identity_schema_version": 0,
          "identity": {
            "arn": "arn:aws:iam::048579830003:policy/what-call-recorder-dev-lambda-sns-publish"
          },
          "private": "bnVsbA==",
          "dependencies": [
            "data.aws_iam_policy_document.lambda_sns_publish"
          ]
        }
      ]
    },
    {
      "mode": "managed",
      "type": "aws_iam_role",
      "name": "lambda_exec",
      "provider": "provider[\"registry.terraform.io/hashicorp/aws\"]",
      "instances": [
        {
          "schema_version": 0,
          "attributes": {
            "arn": "arn:aws:iam::048579830003:role/what-call-recorder-dev-lambda-exec",
            "assume_role_policy": "{\"Statement\":[{\"Action\":\"sts:AssumeRole\",\"Effect\":\"Allow\",\"Principal\":{\"Service\":\"lambda.amazonaws.com\"}}],\"Version\":\"2012-10-17\"}",
            "create_date": "2025-11-15T07:47:05Z",
            "description": "",
            "force_detach_policies": false,
            "id": "what-call-recorder-dev-lambda-exec",
            "inline_policy": [],
            "managed_policy_arns": [],
            "max_session_duration": 3600,
            "name": "what-call-recorder-dev-lambda-exec",
            "name_prefix": "",
            "path": "/",
            "permissions_boundary": "",
            "tags": null,
            "tags_all": {},
            "unique_id": "AROAQWT4VMDZTCLXU6KTO"
          },
          "sensitive_attributes": [],
          "identity_schema_version": 0,
          "identity": {
            "account_id": "048579830003",
            "name": "what-call-recorder-dev-lambda-exec"
          },
          "private": "bnVsbA==",
          "dependencies": [
            "data.aws_iam_policy_document.lambda_assume_role"
          ]
        }
      ]
    },
    {
      "mode": "managed",
      "type": "aws_iam_role_policy_attachment",
      "name": "attach_cognito_invoke_lambda",
      "provider": "provider[\"registry.terraform.io/hashicorp/aws\"]",
      "instances": [
        {
          "schema_version": 0,
          "attributes": {
            "id": "what-call-recorder-dev-lambda-exec/arn:aws:iam::048579830003:policy/what-call-recorder-dev-cognito-invoke-lambda",
            "policy_arn": "arn:aws:iam::048579830003:policy/what-call-recorder-dev-cognito-invoke-lambda",
            "role": "what-call-recorder-dev-lambda-exec"
          },
          "sensitive_attributes": [],
          "identity_schema_version": 0,
          "identity": {
            "account_id": "048579830003",
            "policy_arn": "arn:aws:iam::048579830003:policy/what-call-recorder-dev-cognito-invoke-lambda",
            "role": "what-call-recorder-dev-lambda-exec"
          },
          "private": "bnVsbA==",
          "dependencies": [
            "aws_iam_policy.cognito_invoke_lambda",
            "aws_iam_role.lambda_exec",
            "aws_lambda_function.create_auth",
            "aws_lambda_function.define_auth",
            "aws_lambda_function.pre_signup",
            "aws_lambda_function.pre_token_gen",
            "aws_lambda_function.verify_auth",
            "data.aws_iam_policy_document.cognito_invoke_lambda",
            "data.aws_iam_policy_document.lambda_assume_role"
          ]
        }
      ]
    },
    {
      "mode": "managed",
      "type": "aws_iam_role_policy_attachment",
      "name": "attach_lambda_sns_publish",
      "provider": "provider[\"registry.terraform.io/hashicorp/aws\"]",
      "instances": [
        {
          "schema_version": 0,
          "attributes": {
            "id": "what-call-recorder-dev-lambda-exec/arn:aws:iam::048579830003:policy/what-call-recorder-dev-lambda-sns-publish",
            "policy_arn": "arn:aws:iam::048579830003:policy/what-call-recorder-dev-lambda-sns-publish",
            "role": "what-call-recorder-dev-lambda-exec"
          },
          "sensitive_attributes": [],
          "identity_schema_version": 0,
          "identity": {
            "account_id": "048579830003",
            "policy_arn": "arn:aws:iam::048579830003:policy/what-call-recorder-dev-lambda-sns-publish",
            "role": "what-call-recorder-dev-lambda-exec"
          },
          "private": "bnVsbA==",
          "dependencies": [
            "aws_iam_policy.lambda_sns_publish",
            "aws_iam_role.lambda_exec",
            "data.aws_iam_policy_document.lambda_assume_role",
            "data.aws_iam_policy_document.lambda_sns_publish"
          ]
        }
      ]
    },
    {
      "mode": "managed",
      "type": "aws_iam_role_policy_attachment",
      "name": "lambda_basic_logging",
      "provider": "provider[\"registry.terraform.io/hashicorp/aws\"]",
      "instances": [
        {
          "schema_version": 0,
          "attributes": {
            "id": "what-call-recorder-dev-lambda-exec/arn:aws:iam::aws:policy/service-role/AWSLambdaBasicExecutionRole",
            "policy_arn": "arn:aws:iam::aws:policy/service-role/AWSLambdaBasicExecutionRole",
            "role": "what-call-recorder-dev-lambda-exec"
          },
          "sensitive_attributes": [],
          "identity_schema_version": 0,
          "identity": {
            "account_id": "048579830003",
            "policy_arn": "arn:aws:iam::aws:policy/service-role/AWSLambdaBasicExecutionRole",
            "role": "what-call-recorder-dev-lambda-exec"
          },
          "private": "bnVsbA==",
          "dependencies": [
            "aws_iam_role.lambda_exec",
            "data.aws_iam_policy_document.lambda_assume_role"
          ]
        }
      ]
    },
    {
      "mode": "managed",
      "type": "aws_lambda_function",
      "name": "create_auth",
      "provider": "provider[\"registry.terraform.io/hashicorp/aws\"]",
      "instances": [
        {
          "schema_version": 0,
          "attributes": {
            "architectures": [
              "x86_64"
            ],
            "arn": "arn:aws:lambda:us-east-1:048579830003:function:what-call-recorder-dev-create-auth",
            "code_sha256": "X1kIxSb1QjPNOeTKHGcTRaScRNyat3FiDV/mMhH+YvM=",
            "code_signing_config_arn": "",
            "dead_letter_config": [],
            "description": "",
            "environment": [],
            "ephemeral_storage": [
              {
                "size": 512
              }
            ],
            "file_system_config": [],
            "filename": "./lambdas/create-auth.zip",
            "function_name": "what-call-recorder-dev-create-auth",
            "handler": "index.handler",
            "id": "what-call-recorder-dev-create-auth",
            "image_config": [],
            "image_uri": "",
            "invoke_arn": "arn:aws:apigateway:us-east-1:lambda:path/2015-03-31/functions/arn:aws:lambda:us-east-1:048579830003:function:what-call-recorder-dev-create-auth/invocations",
            "kms_key_arn": "",
            "last_modified": "2025-11-15T07:47:35.651+0000",
            "layers": null,
            "logging_config": [
              {
                "application_log_level": "",
                "log_format": "Text",
                "log_group": "/aws/lambda/what-call-recorder-dev-create-auth",
                "system_log_level": ""
              }
            ],
            "memory_size": 128,
            "package_type": "Zip",
            "publish": false,
            "qualified_arn": "arn:aws:lambda:us-east-1:048579830003:function:what-call-recorder-dev-create-auth:$LATEST",
            "qualified_invoke_arn": "arn:aws:apigateway:us-east-1:lambda:path/2015-03-31/functions/arn:aws:lambda:us-east-1:048579830003:function:what-call-recorder-dev-create-auth:$LATEST/invocations",
            "region": "us-east-1",
            "replace_security_groups_on_destroy": null,
            "replacement_security_group_ids": null,
            "reserved_concurrent_executions": -1,
            "role": "arn:aws:iam::048579830003:role/what-call-recorder-dev-lambda-exec",
            "runtime": "nodejs20.x",
            "s3_bucket": null,
            "s3_key": null,
            "s3_object_version": null,
            "signing_job_arn": "",
            "signing_profile_version_arn": "",
            "skip_destroy": false,
            "snap_start": [],
            "source_code_hash": "X1kIxSb1QjPNOeTKHGcTRaScRNyat3FiDV/mMhH+YvM=",
            "source_code_size": 673,
            "source_kms_key_arn": "",
            "tags": null,
            "tags_all": {},
            "timeout": 3,
            "timeouts": null,
            "tracing_config": [
              {
                "mode": "PassThrough"
              }
            ],
            "version": "$LATEST",
            "vpc_config": []
          },
          "sensitive_attributes": [],
          "identity_schema_version": 0,
          "identity": {
            "account_id": "048579830003",
            "function_name": "what-call-recorder-dev-create-auth",
            "region": "us-east-1"
          },
          "private": "eyJlMmJmYjczMC1lY2FhLTExZTYtOGY4OC0zNDM2M2JjN2M0YzAiOnsiY3JlYXRlIjo2MDAwMDAwMDAwMDAsImRlbGV0ZSI6NjAwMDAwMDAwMDAwLCJ1cGRhdGUiOjYwMDAwMDAwMDAwMH19",
          "dependencies": [
            "aws_iam_role.lambda_exec",
            "data.aws_iam_policy_document.lambda_assume_role"
          ]
        }
      ]
    },
    {
      "mode": "managed",
      "type": "aws_lambda_function",
      "name": "define_auth",
      "provider": "provider[\"registry.terraform.io/hashicorp/aws\"]",
      "instances": [
        {
          "schema_version": 0,
          "attributes": {
            "architectures": [
              "x86_64"
            ],
            "arn": "arn:aws:lambda:us-east-1:048579830003:function:what-call-recorder-dev-define-auth",
            "code_sha256": "UcpCXpMkuw+bA7PcoOyPj1RygLQOYQw0C8K+Wyj5V4k=",
            "code_signing_config_arn": "",
            "dead_letter_config": [],
            "description": "",
            "environment": [
              {
                "variables": {
                  "OTP_TTL_MINUTES": "10"
                }
              }
            ],
            "ephemeral_storage": [
              {
                "size": 512
              }
            ],
            "file_system_config": [],
            "filename": "./lambdas/define-auth.zip",
            "function_name": "what-call-recorder-dev-define-auth",
            "handler": "index.handler",
            "id": "what-call-recorder-dev-define-auth",
            "image_config": [],
            "image_uri": "",
            "invoke_arn": "arn:aws:apigateway:us-east-1:lambda:path/2015-03-31/functions/arn:aws:lambda:us-east-1:048579830003:function:what-call-recorder-dev-define-auth/invocations",
            "kms_key_arn": "",
            "last_modified": "2025-11-15T07:47:42.390+0000",
            "layers": null,
            "logging_config": [
              {
                "application_log_level": "",
                "log_format": "Text",
                "log_group": "/aws/lambda/what-call-recorder-dev-define-auth",
                "system_log_level": ""
              }
            ],
            "memory_size": 128,
            "package_type": "Zip",
            "publish": false,
            "qualified_arn": "arn:aws:lambda:us-east-1:048579830003:function:what-call-recorder-dev-define-auth:$LATEST",
            "qualified_invoke_arn": "arn:aws:apigateway:us-east-1:lambda:path/2015-03-31/functions/arn:aws:lambda:us-east-1:048579830003:function:what-call-recorder-dev-define-auth:$LATEST/invocations",
            "region": "us-east-1",
            "replace_security_groups_on_destroy": null,
            "replacement_security_group_ids": null,
            "reserved_concurrent_executions": -1,
            "role": "arn:aws:iam::048579830003:role/what-call-recorder-dev-lambda-exec",
            "runtime": "nodejs20.x",
            "s3_bucket": null,
            "s3_key": null,
            "s3_object_version": null,
            "signing_job_arn": "",
            "signing_profile_version_arn": "",
            "skip_destroy": false,
            "snap_start": [],
            "source_code_hash": "UcpCXpMkuw+bA7PcoOyPj1RygLQOYQw0C8K+Wyj5V4k=",
            "source_code_size": 522,
            "source_kms_key_arn": "",
            "tags": null,
            "tags_all": {},
            "timeout": 3,
            "timeouts": null,
            "tracing_config": [
              {
                "mode": "PassThrough"
              }
            ],
            "version": "$LATEST",
            "vpc_config": []
          },
          "sensitive_attributes": [],
          "identity_schema_version": 0,
          "identity": {
            "account_id": "048579830003",
            "function_name": "what-call-recorder-dev-define-auth",
            "region": "us-east-1"
          },
          "private": "eyJlMmJmYjczMC1lY2FhLTExZTYtOGY4OC0zNDM2M2JjN2M0YzAiOnsiY3JlYXRlIjo2MDAwMDAwMDAwMDAsImRlbGV0ZSI6NjAwMDAwMDAwMDAwLCJ1cGRhdGUiOjYwMDAwMDAwMDAwMH19",
          "dependencies": [
            "aws_iam_role.lambda_exec",
            "data.aws_iam_policy_document.lambda_assume_role"
          ]
        }
      ]
    },
    {
      "mode": "managed",
      "type": "aws_lambda_function",
      "name": "pre_signup",
      "provider": "provider[\"registry.terraform.io/hashicorp/aws\"]",
      "instances": [
        {
          "schema_version": 0,
          "attributes": {
            "architectures": [
              "x86_64"
            ],
            "arn": "arn:aws:lambda:us-east-1:048579830003:function:what-call-recorder-dev-pre-signup",
            "code_sha256": "i5PHNXJK3qD9/KqfBWEthuWt7Ip7P3lI6hsb6H3RbAc=",
            "code_signing_config_arn": "",
            "dead_letter_config": [],
            "description": "",
            "environment": [],
            "ephemeral_storage": [
              {
                "size": 512
              }
            ],
            "file_system_config": [],
            "filename": "./lambdas/pre-signup.zip",
            "function_name": "what-call-recorder-dev-pre-signup",
            "handler": "index.handler",
            "id": "what-call-recorder-dev-pre-signup",
            "image_config": [],
            "image_uri": "",
            "invoke_arn": "arn:aws:apigateway:us-east-1:lambda:path/2015-03-31/functions/arn:aws:lambda:us-east-1:048579830003:function:what-call-recorder-dev-pre-signup/invocations",
            "kms_key_arn": "",
            "last_modified": "2025-11-15T07:47:16.142+0000",
            "layers": null,
            "logging_config": [
              {
                "application_log_level": "",
                "log_format": "Text",
                "log_group": "/aws/lambda/what-call-recorder-dev-pre-signup",
                "system_log_level": ""
              }
            ],
            "memory_size": 128,
            "package_type": "Zip",
            "publish": false,
            "qualified_arn": "arn:aws:lambda:us-east-1:048579830003:function:what-call-recorder-dev-pre-signup:$LATEST",
            "qualified_invoke_arn": "arn:aws:apigateway:us-east-1:lambda:path/2015-03-31/functions/arn:aws:lambda:us-east-1:048579830003:function:what-call-recorder-dev-pre-signup:$LATEST/invocations",
            "region": "us-east-1",
            "replace_security_groups_on_destroy": null,
            "replacement_security_group_ids": null,
            "reserved_concurrent_executions": -1,
            "role": "arn:aws:iam::048579830003:role/what-call-recorder-dev-lambda-exec",
            "runtime": "nodejs20.x",
            "s3_bucket": null,
            "s3_key": null,
            "s3_object_version": null,
            "signing_job_arn": "",
            "signing_profile_version_arn": "",
            "skip_destroy": false,
            "snap_start": [],
            "source_code_hash": "i5PHNXJK3qD9/KqfBWEthuWt7Ip7P3lI6hsb6H3RbAc=",
            "source_code_size": 335,
            "source_kms_key_arn": "",
            "tags": null,
            "tags_all": {},
            "timeout": 3,
            "timeouts": null,
            "tracing_config": [
              {
                "mode": "PassThrough"
              }
            ],
            "version": "$LATEST",
            "vpc_config": []
          },
          "sensitive_attributes": [],
          "identity_schema_version": 0,
          "identity": {
            "account_id": "048579830003",
            "function_name": "what-call-recorder-dev-pre-signup",
            "region": "us-east-1"
          },
          "private": "eyJlMmJmYjczMC1lY2FhLTExZTYtOGY4OC0zNDM2M2JjN2M0YzAiOnsiY3JlYXRlIjo2MDAwMDAwMDAwMDAsImRlbGV0ZSI6NjAwMDAwMDAwMDAwLCJ1cGRhdGUiOjYwMDAwMDAwMDAwMH19",
          "dependencies": [
            "aws_iam_role.lambda_exec",
            "data.aws_iam_policy_document.lambda_assume_role"
          ]
        }
      ]
    },
    {
      "mode": "managed",
      "type": "aws_lambda_function",
      "name": "pre_token_gen",
      "provider": "provider[\"registry.terraform.io/hashicorp/aws\"]",
      "instances": [
        {
          "schema_version": 0,
          "attributes": {
            "architectures": [
              "x86_64"
            ],
            "arn": "arn:aws:lambda:us-east-1:048579830003:function:what-call-recorder-dev-pre-token-gen",
            "code_sha256": "vFzliI0QYKPqx9W5FmFkeZcC798GXydDClN+xAPWwqc=",
            "code_signing_config_arn": "",
            "dead_letter_config": [],
            "description": "",
            "environment": [],
            "ephemeral_storage": [
              {
                "size": 512
              }
            ],
            "file_system_config": [],
            "filename": "./lambdas/pre-token-gen.zip",
            "function_name": "what-call-recorder-dev-pre-token-gen",
            "handler": "index.handler",
            "id": "what-call-recorder-dev-pre-token-gen",
            "image_config": [],
            "image_uri": "",
            "invoke_arn": "arn:aws:apigateway:us-east-1:lambda:path/2015-03-31/functions/arn:aws:lambda:us-east-1:048579830003:function:what-call-recorder-dev-pre-token-gen/invocations",
            "kms_key_arn": "",
            "last_modified": "2025-11-15T07:47:22.664+0000",
            "layers": null,
            "logging_config": [
              {
                "application_log_level": "",
                "log_format": "Text",
                "log_group": "/aws/lambda/what-call-recorder-dev-pre-token-gen",
                "system_log_level": ""
              }
            ],
            "memory_size": 128,
            "package_type": "Zip",
            "publish": false,
            "qualified_arn": "arn:aws:lambda:us-east-1:048579830003:function:what-call-recorder-dev-pre-token-gen:$LATEST",
            "qualified_invoke_arn": "arn:aws:apigateway:us-east-1:lambda:path/2015-03-31/functions/arn:aws:lambda:us-east-1:048579830003:function:what-call-recorder-dev-pre-token-gen:$LATEST/invocations",
            "region": "us-east-1",
            "replace_security_groups_on_destroy": null,
            "replacement_security_group_ids": null,
            "reserved_concurrent_executions": -1,
            "role": "arn:aws:iam::048579830003:role/what-call-recorder-dev-lambda-exec",
            "runtime": "nodejs20.x",
            "s3_bucket": null,
            "s3_key": null,
            "s3_object_version": null,
            "signing_job_arn": "",
            "signing_profile_version_arn": "",
            "skip_destroy": false,
            "snap_start": [],
            "source_code_hash": "vFzliI0QYKPqx9W5FmFkeZcC798GXydDClN+xAPWwqc=",
            "source_code_size": 361,
            "source_kms_key_arn": "",
            "tags": null,
            "tags_all": {},
            "timeout": 3,
            "timeouts": null,
            "tracing_config": [
              {
                "mode": "PassThrough"
              }
            ],
            "version": "$LATEST",
            "vpc_config": []
          },
          "sensitive_attributes": [],
          "identity_schema_version": 0,
          "identity": {
            "account_id": "048579830003",
            "function_name": "what-call-recorder-dev-pre-token-gen",
            "region": "us-east-1"
          },
          "private": "eyJlMmJmYjczMC1lY2FhLTExZTYtOGY4OC0zNDM2M2JjN2M0YzAiOnsiY3JlYXRlIjo2MDAwMDAwMDAwMDAsImRlbGV0ZSI6NjAwMDAwMDAwMDAwLCJ1cGRhdGUiOjYwMDAwMDAwMDAwMH19",
          "dependencies": [
            "aws_iam_role.lambda_exec",
            "data.aws_iam_policy_document.lambda_assume_role"
          ]
        }
      ]
    },
    {
      "mode": "managed",
      "type": "aws_lambda_function",
      "name": "verify_auth",
      "provider": "provider[\"registry.terraform.io/hashicorp/aws\"]",
      "instances": [
        {
          "schema_version": 0,
          "attributes": {
            "architectures": [
              "x86_64"
            ],
            "arn": "arn:aws:lambda:us-east-1:048579830003:function:what-call-recorder-dev-verify-auth",
            "code_sha256": "PJOCMBBWcHmfO22cNSMenS1H9XhWXsZ++GQiEJn8f1c=",
            "code_signing_config_arn": "",
            "dead_letter_config": [],
            "description": "",
            "environment": [],
            "ephemeral_storage": [
              {
                "size": 512
              }
            ],
            "file_system_config": [],
            "filename": "./lambdas/verify-auth.zip",
            "function_name": "what-call-recorder-dev-verify-auth",
            "handler": "index.handler",
            "id": "what-call-recorder-dev-verify-auth",
            "image_config": [],
            "image_uri": "",
            "invoke_arn": "arn:aws:apigateway:us-east-1:lambda:path/2015-03-31/functions/arn:aws:lambda:us-east-1:048579830003:function:what-call-recorder-dev-verify-auth/invocations",
            "kms_key_arn": "",
            "last_modified": "2025-11-15T07:47:29.124+0000",
            "layers": null,
            "logging_config": [
              {
                "application_log_level": "",
                "log_format": "Text",
                "log_group": "/aws/lambda/what-call-recorder-dev-verify-auth",
                "system_log_level": ""
              }
            ],
            "memory_size": 128,
            "package_type": "Zip",
            "publish": false,
            "qualified_arn": "arn:aws:lambda:us-east-1:048579830003:function:what-call-recorder-dev-verify-auth:$LATEST",
            "qualified_invoke_arn": "arn:aws:apigateway:us-east-1:lambda:path/2015-03-31/functions/arn:aws:lambda:us-east-1:048579830003:function:what-call-recorder-dev-verify-auth:$LATEST/invocations",
            "region": "us-east-1",
            "replace_security_groups_on_destroy": null,
            "replacement_security_group_ids": null,
            "reserved_concurrent_executions": -1,
            "role": "arn:aws:iam::048579830003:role/what-call-recorder-dev-lambda-exec",
            "runtime": "nodejs20.x",
            "s3_bucket": null,
            "s3_key": null,
            "s3_object_version": null,
            "signing_job_arn": "",
            "signing_profile_version_arn": "",
            "skip_destroy": false,
            "snap_start": [],
            "source_code_hash": "PJOCMBBWcHmfO22cNSMenS1H9XhWXsZ++GQiEJn8f1c=",
            "source_code_size": 507,
            "source_kms_key_arn": "",
            "tags": null,
            "tags_all": {},
            "timeout": 3,
            "timeouts": null,
            "tracing_config": [
              {
                "mode": "PassThrough"
              }
            ],
            "version": "$LATEST",
            "vpc_config": []
          },
          "sensitive_attributes": [],
          "identity_schema_version": 0,
          "identity": {
            "account_id": "048579830003",
            "function_name": "what-call-recorder-dev-verify-auth",
            "region": "us-east-1"
          },
          "private": "eyJlMmJmYjczMC1lY2FhLTExZTYtOGY4OC0zNDM2M2JjN2M0YzAiOnsiY3JlYXRlIjo2MDAwMDAwMDAwMDAsImRlbGV0ZSI6NjAwMDAwMDAwMDAwLCJ1cGRhdGUiOjYwMDAwMDAwMDAwMH19",
          "dependencies": [
            "aws_iam_role.lambda_exec",
            "data.aws_iam_policy_document.lambda_assume_role"
          ]
        }
      ]
    }
  ],
  "check_results": null
}
